
Microsoft Visual Studio Solution File, Format Version 12.00
# Visual Studio Version 17
VisualStudioVersion = 17.0.32112.339
MinimumVisualStudioVersion = 10.0.40219.1
Project("{2150E333-8FDC-42A3-9474-1A3956D46DE8}") = "src", "src", "{CAED1720-682E-41CC-B7BA-A9DB847BAE70}"
EndProject
Project("{9A19103F-16F7-4668-BE54-9A1E7A4F7556}") = "Frwk.Bootcamp.QuickWait.ProfileUsers.Api", "src\Frwk.Bootcamp.QuickWait.ProfileUsers.Api\Frwk.Bootcamp.QuickWait.ProfileUsers.Api.csproj", "{C15A3B6E-9706-46B3-8BD5-F9A38FC01EE2}"
EndProject
Project("{9A19103F-16F7-4668-BE54-9A1E7A4F7556}") = "Frwk.Bootcamp.QuickWait.ProfileUsers.Application", "src\Frwk.Bootcamp.QuickWait.ProfileUsers.Application\Frwk.Bootcamp.QuickWait.ProfileUsers.Application.csproj", "{5E429070-1BD5-441C-B720-F30F343D63E4}"
EndProject
Project("{9A19103F-16F7-4668-BE54-9A1E7A4F7556}") = "Frwk.Bootcamp.QuickWait.ProfileUsers.Domain", "src\Frwk.Bootcamp.QuickWait.ProfileUsers.Domain\Frwk.Bootcamp.QuickWait.ProfileUsers.Domain.csproj", "{B4D6045F-E159-4F10-B974-2597A393537E}"
EndProject
Project("{9A19103F-16F7-4668-BE54-9A1E7A4F7556}") = "Frwk.Bootcamp.QuickWait.ProfileUsers.Infrastructure", "src\Frwk.Bootcamp.QuickWait.ProfileUsers.Infrastructure\Frwk.Bootcamp.QuickWait.ProfileUsers.Infrastructure.csproj", "{CD587E9F-3CB3-41B1-ADD3-B7FC6204FE62}"
EndProject
Global
	GlobalSection(SolutionConfigurationPlatforms) = preSolution
		Debug|Any CPU = Debug|Any CPU
		Release|Any CPU = Release|Any CPU
	EndGlobalSection
	GlobalSection(ProjectConfigurationPlatforms) = postSolution
		{C15A3B6E-9706-46B3-8BD5-F9A38FC01EE2}.Debug|Any CPU.ActiveCfg = Debug|Any CPU
		{C15A3B6E-9706-46B3-8BD5-F9A38FC01EE2}.Debug|Any CPU.Build.0 = Debug|Any CPU
		{C15A3B6E-9706-46B3-8BD5-F9A38FC01EE2}.Release|Any CPU.ActiveCfg = Release|Any CPU
		{C15A3B6E-9706-46B3-8BD5-F9A38FC01EE2}.Release|Any CPU.Build.0 = Release|Any CPU
		{5E429070-1BD5-441C-B720-F30F343D63E4}.Debug|Any CPU.ActiveCfg = Debug|Any CPU
		{5E429070-1BD5-441C-B720-F30F343D63E4}.Debug|Any CPU.Build.0 = Debug|Any CPU
		{5E429070-1BD5-441C-B720-F30F343D63E4}.Release|Any CPU.ActiveCfg = Release|Any CPU
		{5E429070-1BD5-441C-B720-F30F343D63E4}.Release|Any CPU.Build.0 = Release|Any CPU
		{B4D6045F-E159-4F10-B974-2597A393537E}.Debug|Any CPU.ActiveCfg = Debug|Any CPU
		{B4D6045F-E159-4F10-B974-2597A393537E}.Debug|Any CPU.Build.0 = Debug|Any CPU
		{B4D6045F-E159-4F10-B974-2597A393537E}.Release|Any CPU.ActiveCfg = Release|Any CPU
		{B4D6045F-E159-4F10-B974-2597A393537E}.Release|Any CPU.Build.0 = Release|Any CPU
		{CD587E9F-3CB3-41B1-ADD3-B7FC6204FE62}.Debug|Any CPU.ActiveCfg = Debug|Any CPU
		{CD587E9F-3CB3-41B1-ADD3-B7FC6204FE62}.Debug|Any CPU.Build.0 = Debug|Any CPU
		{CD587E9F-3CB3-41B1-ADD3-B7FC6204FE62}.Release|Any CPU.ActiveCfg = Release|Any CPU
		{CD587E9F-3CB3-41B1-ADD3-B7FC6204FE62}.Release|Any CPU.Build.0 = Release|Any CPU
	EndGlobalSection
	GlobalSection(SolutionProperties) = preSolution
		HideSolutionNode = FALSE
	EndGlobalSection
	GlobalSection(NestedProjects) = preSolution
		{C15A3B6E-9706-46B3-8BD5-F9A38FC01EE2} = {CAED1720-682E-41CC-B7BA-A9DB847BAE70}
		{5E429070-1BD5-441C-B720-F30F343D63E4} = {CAED1720-682E-41CC-B7BA-A9DB847BAE70}
		{B4D6045F-E159-4F10-B974-2597A393537E} = {CAED1720-682E-41CC-B7BA-A9DB847BAE70}
		{CD587E9F-3CB3-41B1-ADD3-B7FC6204FE62} = {CAED1720-682E-41CC-B7BA-A9DB847BAE70}
	EndGlobalSection
	GlobalSection(ExtensibilityGlobals) = postSolution
		SolutionGuid = {930360E4-30C2-4A51-BE7C-8A344B1DAD14}
	EndGlobalSection
EndGlobal
